PODS:
  - Diff (0.5.0)
  - IRDSwiftCoreModule (1.0.0)
  - MBProgressHUD (1.0.0)
  - ObservableArray-RxSwift (0.1.0):
    - RxSwift (~> 3.0)
  - RxCocoa (3.1.0):
    - RxSwift (~> 3.1)
  - RxSwift (3.1.0)

DEPENDENCIES:
  - Diff
  - IRDSwiftCoreModule
  - MBProgressHUD
  - ObservableArray-RxSwift
  - RxCocoa
  - RxSwift

SPEC CHECKSUMS:
  Diff: eceb93a3adf508574ba9b8560da185ace83de055
  IRDSwiftCoreModule: afebf67c6496025095d98a259707ee979dd748d0
  MBProgressHUD: 4890f671c94e8a0f3cf959aa731e9de2f036d71a
  ObservableArray-RxSwift: 5f29ab095e2746f046388626dfde37052792e6f5
  RxCocoa: 50d7564866da9299161e86a263ce12a0873904d8
  RxSwift: 83ff553e7593fdfdcb2562933a64c0284dffdadc

PODFILE CHECKSUM: 9d98614fd550cc47ff086899b139b2d6e0cccedd

COCOAPODS: 1.1.1
