// !$*UTF8*$!
{
	archiveVersion = 1;
	classes = {
	};
	objectVersion = 46;
	objects = {

/* Begin PBXBuildFile section */
		0CB3A8946D61B42C08E52532 /* Pods_mvvm_components.framework in Frameworks */ = {isa = PBXBuildFile; fileRef = 3B8DC7EF4036355C8597CAE2 /* Pods_mvvm_components.framework */; };
		A9A7FBDB1E23B99B00FA9405 /* AppDelegate.swift in Sources */ = {isa = PBXBuildFile; fileRef = A9A7FBDA1E23B99B00FA9405 /* AppDelegate.swift */; };
		A9A7FBDD1E23B99B00FA9405 /* ViewController.swift in Sources */ = {isa = PBXBuildFile; fileRef = A9A7FBDC1E23B99B00FA9405 /* ViewController.swift */; };
		A9A7FBE01E23B99B00FA9405 /* Main.storyboard in Resources */ = {isa = PBXBuildFile; fileRef = A9A7FBDE1E23B99B00FA9405 /* Main.storyboard */; };
		A9A7FBE21E23B99B00FA9405 /* Assets.xcassets in Resources */ = {isa = PBXBuildFile; fileRef = A9A7FBE11E23B99B00FA9405 /* Assets.xcassets */; };
		A9A7FBE51E23B99B00FA9405 /* LaunchScreen.storyboard in Resources */ = {isa = PBXBuildFile; fileRef = A9A7FBE31E23B99B00FA9405 /* LaunchScreen.storyboard */; };
		A9FA893B1E24B975008B57DF /* UIViewController+Rx.swift in Sources */ = {isa = PBXBuildFile; fileRef = A9FA893A1E24B975008B57DF /* UIViewController+Rx.swift */; };
		A9FA893D1E24B9F5008B57DF /* Disposables.swift in Sources */ = {isa = PBXBuildFile; fileRef = A9FA893C1E24B9F5008B57DF /* Disposables.swift */; };
		A9FA893F1E24BAA7008B57DF /* UIRxComponentsViewController.swift in Sources */ = {isa = PBXBuildFile; fileRef = A9FA893E1E24BAA7008B57DF /* UIRxComponentsViewController.swift */; };
		A9FA89411E24BB5B008B57DF /* UIView+Rx.swift in Sources */ = {isa = PBXBuildFile; fileRef = A9FA89401E24BB5B008B57DF /* UIView+Rx.swift */; };
		A9FA89451E24BBE9008B57DF /* Component.swift in Sources */ = {isa = PBXBuildFile; fileRef = A9FA89441E24BBE9008B57DF /* Component.swift */; };
		A9FA89471E24BC27008B57DF /* RxViewModel.swift in Sources */ = {isa = PBXBuildFile; fileRef = A9FA89461E24BC27008B57DF /* RxViewModel.swift */; };
		A9FA894D1E24BD24008B57DF /* AuthComponent.swift in Sources */ = {isa = PBXBuildFile; fileRef = A9FA894C1E24BD24008B57DF /* AuthComponent.swift */; };
		A9FA894F1E24BDDC008B57DF /* AuthViewModel.swift in Sources */ = {isa = PBXBuildFile; fileRef = A9FA894E1E24BDDC008B57DF /* AuthViewModel.swift */; };
		A9FA89511E24D305008B57DF /* UIRxView+Bindings.swift in Sources */ = {isa = PBXBuildFile; fileRef = A9FA89501E24D305008B57DF /* UIRxView+Bindings.swift */; };
		A9FA89531E24DA7B008B57DF /* AuthView.swift in Sources */ = {isa = PBXBuildFile; fileRef = A9FA89521E24DA7B008B57DF /* AuthView.swift */; };
		A9FA89561E24F2EA008B57DF /* AuthService.swift in Sources */ = {isa = PBXBuildFile; fileRef = A9FA89551E24F2EA008B57DF /* AuthService.swift */; };
		A9FA89581E24F63D008B57DF /* ServiceContainer.swift in Sources */ = {isa = PBXBuildFile; fileRef = A9FA89571E24F63D008B57DF /* ServiceContainer.swift */; };
		A9FA895B1E25060F008B57DF /* UIViewController+Activities.swift in Sources */ = {isa = PBXBuildFile; fileRef = A9FA895A1E25060F008B57DF /* UIViewController+Activities.swift */; };
/* End PBXBuildFile section */

/* Begin PBXFileReference section */
		0391D4284546A35497D34A6B /* Pods-mvvm_components.release.xcconfig */ = {isa = PBXFileReference; includeInIndex = 1; lastKnownFileType = text.xcconfig; name = "Pods-mvvm_components.release.xcconfig"; path = "Pods/Target Support Files/Pods-mvvm_components/Pods-mvvm_components.release.xcconfig"; sourceTree = "<group>"; };
		3B8DC7EF4036355C8597CAE2 /* Pods_mvvm_components.framework */ = {isa = PBXFileReference; explicitFileType = wrapper.framework; includeInIndex = 0; path = Pods_mvvm_components.framework; sourceTree = BUILT_PRODUCTS_DIR; };
		A9A7FBD71E23B99B00FA9405 /* mvvm_components.app */ = {isa = PBXFileReference; explicitFileType = wrapper.application; includeInIndex = 0; path = mvvm_components.app; sourceTree = BUILT_PRODUCTS_DIR; };
		A9A7FBDA1E23B99B00FA9405 /* AppDelegate.swift */ = {isa = PBXFileReference; lastKnownFileType = sourcecode.swift; path = AppDelegate.swift; sourceTree = "<group>"; };
		A9A7FBDC1E23B99B00FA9405 /* ViewController.swift */ = {isa = PBXFileReference; lastKnownFileType = sourcecode.swift; path = ViewController.swift; sourceTree = "<group>"; };
		A9A7FBDF1E23B99B00FA9405 /* Base */ = {isa = PBXFileReference; lastKnownFileType = file.storyboard; name = Base; path = Base.lproj/Main.storyboard; sourceTree = "<group>"; };
		A9A7FBE11E23B99B00FA9405 /* Assets.xcassets */ = {isa = PBXFileReference; lastKnownFileType = folder.assetcatalog; path = Assets.xcassets; sourceTree = "<group>"; };
		A9A7FBE41E23B99B00FA9405 /* Base */ = {isa = PBXFileReference; lastKnownFileType = file.storyboard; name = Base; path = Base.lproj/LaunchScreen.storyboard; sourceTree = "<group>"; };
		A9A7FBE61E23B99B00FA9405 /* Info.plist */ = {isa = PBXFileReference; lastKnownFileType = text.plist.xml; path = Info.plist; sourceTree = "<group>"; };
		A9FA893A1E24B975008B57DF /* UIViewController+Rx.swift */ = {isa = PBXFileReference; fileEncoding = 4; lastKnownFileType = sourcecode.swift; path = "UIViewController+Rx.swift"; sourceTree = "<group>"; };
		A9FA893C1E24B9F5008B57DF /* Disposables.swift */ = {isa = PBXFileReference; fileEncoding = 4; lastKnownFileType = sourcecode.swift; path = Disposables.swift; sourceTree = "<group>"; };
		A9FA893E1E24BAA7008B57DF /* UIRxComponentsViewController.swift */ = {isa = PBXFileReference; fileEncoding = 4; lastKnownFileType = sourcecode.swift; path = UIRxComponentsViewController.swift; sourceTree = "<group>"; };
		A9FA89401E24BB5B008B57DF /* UIView+Rx.swift */ = {isa = PBXFileReference; fileEncoding = 4; lastKnownFileType = sourcecode.swift; path = "UIView+Rx.swift"; sourceTree = "<group>"; };
		A9FA89441E24BBE9008B57DF /* Component.swift */ = {isa = PBXFileReference; fileEncoding = 4; lastKnownFileType = sourcecode.swift; path = Component.swift; sourceTree = "<group>"; };
		A9FA89461E24BC27008B57DF /* RxViewModel.swift */ = {isa = PBXFileReference; fileEncoding = 4; lastKnownFileType = sourcecode.swift; path = RxViewModel.swift; sourceTree = "<group>"; };
		A9FA894C1E24BD24008B57DF /* AuthComponent.swift */ = {isa = PBXFileReference; fileEncoding = 4; lastKnownFileType = sourcecode.swift; path = AuthComponent.swift; sourceTree = "<group>"; };
		A9FA894E1E24BDDC008B57DF /* AuthViewModel.swift */ = {isa = PBXFileReference; fileEncoding = 4; lastKnownFileType = sourcecode.swift; path = AuthViewModel.swift; sourceTree = "<group>"; };
		A9FA89501E24D305008B57DF /* UIRxView+Bindings.swift */ = {isa = PBXFileReference; fileEncoding = 4; lastKnownFileType = sourcecode.swift; path = "UIRxView+Bindings.swift"; sourceTree = "<group>"; };
		A9FA89521E24DA7B008B57DF /* AuthView.swift */ = {isa = PBXFileReference; fileEncoding = 4; lastKnownFileType = sourcecode.swift; path = AuthView.swift; sourceTree = "<group>"; };
		A9FA89551E24F2EA008B57DF /* AuthService.swift */ = {isa = PBXFileReference; fileEncoding = 4; lastKnownFileType = sourcecode.swift; path = AuthService.swift; sourceTree = "<group>"; };
		A9FA89571E24F63D008B57DF /* ServiceContainer.swift */ = {isa = PBXFileReference; fileEncoding = 4; lastKnownFileType = sourcecode.swift; path = ServiceContainer.swift; sourceTree = "<group>"; };
		A9FA895A1E25060F008B57DF /* UIViewController+Activities.swift */ = {isa = PBXFileReference; fileEncoding = 4; lastKnownFileType = sourcecode.swift; path = "UIViewController+Activities.swift"; sourceTree = "<group>"; };
		C6405E81FE471378B28C505B /* Pods-mvvm_components.debug.xcconfig */ = {isa = PBXFileReference; includeInIndex = 1; lastKnownFileType = text.xcconfig; name = "Pods-mvvm_components.debug.xcconfig"; path = "Pods/Target Support Files/Pods-mvvm_components/Pods-mvvm_components.debug.xcconfig"; sourceTree = "<group>"; };
/* End PBXFileReference section */

/* Begin PBXFrameworksBuildPhase section */
		A9A7FBD41E23B99B00FA9405 /* Frameworks */ = {
			isa = PBXFrameworksBuildPhase;
			buildActionMask = 2147483647;
			files = (
				0CB3A8946D61B42C08E52532 /* Pods_mvvm_components.framework in Frameworks */,
			);
			runOnlyForDeploymentPostprocessing = 0;
		};
/* End PBXFrameworksBuildPhase section */

/* Begin PBXGroup section */
		A9A7FBCE1E23B99B00FA9405 = {
			isa = PBXGroup;
			children = (
				A9A7FBD91E23B99B00FA9405 /* mvvm_components */,
				F0F28CFB07B428975019FB43 /* Frameworks */,
				CF639BB6E4B5357112C50F45 /* Pods */,
				A9A7FBD81E23B99B00FA9405 /* Products */,
			);
			sourceTree = "<group>";
		};
		A9A7FBD81E23B99B00FA9405 /* Products */ = {
			isa = PBXGroup;
			children = (
				A9A7FBD71E23B99B00FA9405 /* mvvm_components.app */,
			);
			name = Products;
			sourceTree = "<group>";
		};
		A9A7FBD91E23B99B00FA9405 /* mvvm_components */ = {
			isa = PBXGroup;
			children = (
				A9FA89361E24B8E3008B57DF /* Extensions */,
				A9FA89431E24BBCB008B57DF /* MVVM */,
				A9FA89541E24F2D5008B57DF /* Services */,
				A9A7FBDA1E23B99B00FA9405 /* AppDelegate.swift */,
				A9A7FBE11E23B99B00FA9405 /* Assets.xcassets */,
				A9A7FBE61E23B99B00FA9405 /* Info.plist */,
				A9A7FBE31E23B99B00FA9405 /* LaunchScreen.storyboard */,
				A9A7FBDE1E23B99B00FA9405 /* Main.storyboard */,
				A9A7FBDC1E23B99B00FA9405 /* ViewController.swift */,
			);
			path = mvvm_components;
			sourceTree = "<group>";
		};
		A9F7A0521E26273400B9B1A0 /* Sample */ = {
			isa = PBXGroup;
			children = (
				A9FA89551E24F2EA008B57DF /* AuthService.swift */,
				A9FA89571E24F63D008B57DF /* ServiceContainer.swift */,
			);
			path = Sample;
			sourceTree = "<group>";
		};
		A9FA89361E24B8E3008B57DF /* Extensions */ = {
			isa = PBXGroup;
			children = (
				A9FA89371E24B8F1008B57DF /* Reactive */,
				A9FA89591E2505FB008B57DF /* ViewController */,
			);
			path = Extensions;
			sourceTree = "<group>";
		};
		A9FA89371E24B8F1008B57DF /* Reactive */ = {
			isa = PBXGroup;
			children = (
				A9FA893C1E24B9F5008B57DF /* Disposables.swift */,
				A9FA89501E24D305008B57DF /* UIRxView+Bindings.swift */,
				A9FA89401E24BB5B008B57DF /* UIView+Rx.swift */,
				A9FA893A1E24B975008B57DF /* UIViewController+Rx.swift */,
			);
			path = Reactive;
			sourceTree = "<group>";
		};
		A9FA89431E24BBCB008B57DF /* MVVM */ = {
			isa = PBXGroup;
			children = (
				A9FA894B1E24BCED008B57DF /* Auth */,
				A9FA89481E24BC35008B57DF /* Base */,
			);
			path = MVVM;
			sourceTree = "<group>";
		};
		A9FA89481E24BC35008B57DF /* Base */ = {
			isa = PBXGroup;
			children = (
				A9FA89441E24BBE9008B57DF /* Component.swift */,
				A9FA89461E24BC27008B57DF /* RxViewModel.swift */,
				A9FA893E1E24BAA7008B57DF /* UIRxComponentsViewController.swift */,
			);
			path = Base;
			sourceTree = "<group>";
		};
		A9FA894B1E24BCED008B57DF /* Auth */ = {
			isa = PBXGroup;
			children = (
				A9FA894C1E24BD24008B57DF /* AuthComponent.swift */,
				A9FA89521E24DA7B008B57DF /* AuthView.swift */,
				A9FA894E1E24BDDC008B57DF /* AuthViewModel.swift */,
			);
			path = Auth;
			sourceTree = "<group>";
		};
		A9FA89541E24F2D5008B57DF /* Services */ = {
			isa = PBXGroup;
			children = (
				A9F7A0521E26273400B9B1A0 /* Sample */,
			);
			path = Services;
			sourceTree = "<group>";
		};
		A9FA89591E2505FB008B57DF /* ViewController */ = {
			isa = PBXGroup;
			children = (
				A9FA895A1E25060F008B57DF /* UIViewController+Activities.swift */,
			);
			path = ViewController;
			sourceTree = "<group>";
		};
		CF639BB6E4B5357112C50F45 /* Pods */ = {
			isa = PBXGroup;
			children = (
				C6405E81FE471378B28C505B /* Pods-mvvm_components.debug.xcconfig */,
				0391D4284546A35497D34A6B /* Pods-mvvm_components.release.xcconfig */,
			);
			name = Pods;
			sourceTree = "<group>";
		};
		F0F28CFB07B428975019FB43 /* Frameworks */ = {
			isa = PBXGroup;
			children = (
				3B8DC7EF4036355C8597CAE2 /* Pods_mvvm_components.framework */,
			);
			name = Frameworks;
			sourceTree = "<group>";
		};
/* End PBXGroup section */

/* Begin PBXNativeTarget section */
		A9A7FBD61E23B99B00FA9405 /* mvvm_components */ = {
			isa = PBXNativeTarget;
			buildConfigurationList = A9A7FBE91E23B99B00FA9405 /* Build configuration list for PBXNativeTarget "mvvm_components" */;
			buildPhases = (
				393709F64E050ABE20749336 /* [CP] Check Pods Manifest.lock */,
				A9A7FBD31E23B99B00FA9405 /* Sources */,
				A9A7FBD41E23B99B00FA9405 /* Frameworks */,
				A9A7FBD51E23B99B00FA9405 /* Resources */,
				2C35806C48B104032705C11A /* [CP] Embed Pods Frameworks */,
				33D3E5808DC6DDE824024F7A /* [CP] Copy Pods Resources */,
			);
			buildRules = (
			);
			dependencies = (
			);
			name = mvvm_components;
			productName = mvvm_components;
			productReference = A9A7FBD71E23B99B00FA9405 /* mvvm_components.app */;
			productType = "com.apple.product-type.application";
		};
/* End PBXNativeTarget section */

/* Begin PBXProject section */
		A9A7FBCF1E23B99B00FA9405 /* Project object */ = {
			isa = PBXProject;
			attributes = {
				LastSwiftUpdateCheck = 0820;
				LastUpgradeCheck = 0820;
				ORGANIZATIONNAME = "Andrey Chernov";
				TargetAttributes = {
					A9A7FBD61E23B99B00FA9405 = {
						CreatedOnToolsVersion = 8.2.1;
						ProvisioningStyle = Automatic;
					};
				};
			};
			buildConfigurationList = A9A7FBD21E23B99B00FA9405 /* Build configuration list for PBXProject "mvvm_components" */;
			compatibilityVersion = "Xcode 3.2";
			developmentRegion = English;
			hasScannedForEncodings = 0;
			knownRegions = (
				en,
				Base,
			);
			mainGroup = A9A7FBCE1E23B99B00FA9405;
			productRefGroup = A9A7FBD81E23B99B00FA9405 /* Products */;
			projectDirPath = "";
			projectRoot = "";
			targets = (
				A9A7FBD61E23B99B00FA9405 /* mvvm_components */,
			);
		};
/* End PBXProject section */

/* Begin PBXResourcesBuildPhase section */
		A9A7FBD51E23B99B00FA9405 /* Resources */ = {
			isa = PBXResourcesBuildPhase;
			buildActionMask = 2147483647;
			files = (
				A9A7FBE51E23B99B00FA9405 /* LaunchScreen.storyboard in Resources */,
				A9A7FBE21E23B99B00FA9405 /* Assets.xcassets in Resources */,
				A9A7FBE01E23B99B00FA9405 /* Main.storyboard in Resources */,
			);
			runOnlyForDeploymentPostprocessing = 0;
		};
/* End PBXResourcesBuildPhase section */

/* Begin PBXShellScriptBuildPhase section */
		2C35806C48B104032705C11A /* [CP] Embed Pods Frameworks */ = {
			isa = PBXShellScriptBuildPhase;
			buildActionMask = 2147483647;
			files = (
			);
			inputPaths = (
			);
			name = "[CP] Embed Pods Frameworks";
			outputPaths = (
			);
			runOnlyForDeploymentPostprocessing = 0;
			shellPath = /bin/sh;
			shellScript = "\"${SRCROOT}/Pods/Target Support Files/Pods-mvvm_components/Pods-mvvm_components-frameworks.sh\"\n";
			showEnvVarsInLog = 0;
		};
		33D3E5808DC6DDE824024F7A /* [CP] Copy Pods Resources */ = {
			isa = PBXShellScriptBuildPhase;
			buildActionMask = 2147483647;
			files = (
			);
			inputPaths = (
			);
			name = "[CP] Copy Pods Resources";
			outputPaths = (
			);
			runOnlyForDeploymentPostprocessing = 0;
			shellPath = /bin/sh;
			shellScript = "\"${SRCROOT}/Pods/Target Support Files/Pods-mvvm_components/Pods-mvvm_components-resources.sh\"\n";
			showEnvVarsInLog = 0;
		};
		393709F64E050ABE20749336 /* [CP] Check Pods Manifest.lock */ = {
			isa = PBXShellScriptBuildPhase;
			buildActionMask = 2147483647;
			files = (
			);
			inputPaths = (
			);
			name = "[CP] Check Pods Manifest.lock";
			outputPaths = (
			);
			runOnlyForDeploymentPostprocessing = 0;
			shellPath = /bin/sh;
			shellScript = "diff \"${PODS_ROOT}/../Podfile.lock\" \"${PODS_ROOT}/Manifest.lock\" > /dev/null\nif [ $? != 0 ] ; then\n    # print error to STDERR\n    echo \"error: The sandbox is not in sync with the Podfile.lock. Run 'pod install' or update your CocoaPods installation.\" >&2\n    exit 1\nfi\n";
			showEnvVarsInLog = 0;
		};
/* End PBXShellScriptBuildPhase section */

/* Begin PBXSourcesBuildPhase section */
		A9A7FBD31E23B99B00FA9405 /* Sources */ = {
			isa = PBXSourcesBuildPhase;
			buildActionMask = 2147483647;
			files = (
				A9FA894F1E24BDDC008B57DF /* AuthViewModel.swift in Sources */,
				A9A7FBDD1E23B99B00FA9405 /* ViewController.swift in Sources */,
				A9FA89531E24DA7B008B57DF /* AuthView.swift in Sources */,
				A9FA893D1E24B9F5008B57DF /* Disposables.swift in Sources */,
				A9FA89411E24BB5B008B57DF /* UIView+Rx.swift in Sources */,
				A9FA893B1E24B975008B57DF /* UIViewController+Rx.swift in Sources */,
				A9FA89561E24F2EA008B57DF /* AuthService.swift in Sources */,
				A9FA89451E24BBE9008B57DF /* Component.swift in Sources */,
				A9FA893F1E24BAA7008B57DF /* UIRxComponentsViewController.swift in Sources */,
				A9FA895B1E25060F008B57DF /* UIViewController+Activities.swift in Sources */,
				A9FA89581E24F63D008B57DF /* ServiceContainer.swift in Sources */,
				A9FA89471E24BC27008B57DF /* RxViewModel.swift in Sources */,
				A9A7FBDB1E23B99B00FA9405 /* AppDelegate.swift in Sources */,
				A9FA89511E24D305008B57DF /* UIRxView+Bindings.swift in Sources */,
				A9FA894D1E24BD24008B57DF /* AuthComponent.swift in Sources */,
			);
			runOnlyForDeploymentPostprocessing = 0;
		};
/* End PBXSourcesBuildPhase section */

/* Begin PBXVariantGroup section */
		A9A7FBDE1E23B99B00FA9405 /* Main.storyboard */ = {
			isa = PBXVariantGroup;
			children = (
				A9A7FBDF1E23B99B00FA9405 /* Base */,
			);
			name = Main.storyboard;
			path = .;
			sourceTree = "<group>";
		};
		A9A7FBE31E23B99B00FA9405 /* LaunchScreen.storyboard */ = {
			isa = PBXVariantGroup;
			children = (
				A9A7FBE41E23B99B00FA9405 /* Base */,
			);
			name = LaunchScreen.storyboard;
			path = .;
			sourceTree = "<group>";
		};
/* End PBXVariantGroup section */

/* Begin XCBuildConfiguration section */
		A9A7FBE71E23B99B00FA9405 /* Debug */ = {
			isa = XCBuildConfiguration;
			buildSettings = {
				ALWAYS_SEARCH_USER_PATHS = NO;
				CLANG_ANALYZER_NONNULL = YES;
				CLANG_CXX_LANGUAGE_STANDARD = "gnu++0x";
				CLANG_CXX_LIBRARY = "libc++";
				CLANG_ENABLE_MODULES = YES;
				CLANG_ENABLE_OBJC_ARC = YES;
				CLANG_WARN_BOOL_CONVERSION = YES;
				CLANG_WARN_CONSTANT_CONVERSION = YES;
				CLANG_WARN_DIRECT_OBJC_ISA_USAGE = YES_ERROR;
				CLANG_WARN_DOCUMENTATION_COMMENTS = YES;
				CLANG_WARN_EMPTY_BODY = YES;
				CLANG_WARN_ENUM_CONVERSION = YES;
				CLANG_WARN_INFINITE_RECURSION = YES;
				CLANG_WARN_INT_CONVERSION = YES;
				CLANG_WARN_OBJC_ROOT_CLASS = YES_ERROR;
				CLANG_WARN_SUSPICIOUS_MOVE = YES;
				CLANG_WARN_UNREACHABLE_CODE = YES;
				CLANG_WARN__DUPLICATE_METHOD_MATCH = YES;
				"CODE_SIGN_IDENTITY[sdk=iphoneos*]" = "iPhone Developer";
				COPY_PHASE_STRIP = NO;
				DEBUG_INFORMATION_FORMAT = dwarf;
				ENABLE_STRICT_OBJC_MSGSEND = YES;
				ENABLE_TESTABILITY = YES;
				GCC_C_LANGUAGE_STANDARD = gnu99;
				GCC_DYNAMIC_NO_PIC = NO;
				GCC_NO_COMMON_BLOCKS = YES;
				GCC_OPTIMIZATION_LEVEL = 0;
				GCC_PREPROCESSOR_DEFINITIONS = (
					"DEBUG=1",
					"$(inherited)",
				);
				GCC_WARN_64_TO_32_BIT_CONVERSION = YES;
				GCC_WARN_ABOUT_RETURN_TYPE = YES_ERROR;
				GCC_WARN_UNDECLARED_SELECTOR = YES;
				GCC_WARN_UNINITIALIZED_AUTOS = YES_AGGRESSIVE;
				GCC_WARN_UNUSED_FUNCTION = YES;
				GCC_WARN_UNUSED_VARIABLE = YES;
				IPHONEOS_DEPLOYMENT_TARGET = 10.2;
				MTL_ENABLE_DEBUG_INFO = YES;
				ONLY_ACTIVE_ARCH = YES;
				SDKROOT = iphoneos;
				SWIFT_ACTIVE_COMPILATION_CONDITIONS = DEBUG;
				SWIFT_OPTIMIZATION_LEVEL = "-Onone";
				TARGETED_DEVICE_FAMILY = "1,2";
			};
			name = Debug;
		};
		A9A7FBE81E23B99B00FA9405 /* Release */ = {
			isa = XCBuildConfiguration;
			buildSettings = {
				ALWAYS_SEARCH_USER_PATHS = NO;
				CLANG_ANALYZER_NONNULL = YES;
				CLANG_CXX_LANGUAGE_STANDARD = "gnu++0x";
				CLANG_CXX_LIBRARY = "libc++";
				CLANG_ENABLE_MODULES = YES;
				CLANG_ENABLE_OBJC_ARC = YES;
				CLANG_WARN_BOOL_CONVERSION = YES;
				CLANG_WARN_CONSTANT_CONVERSION = YES;
				CLANG_WARN_DIRECT_OBJC_ISA_USAGE = YES_ERROR;
				CLANG_WARN_DOCUMENTATION_COMMENTS = YES;
				CLANG_WARN_EMPTY_BODY = YES;
				CLANG_WARN_ENUM_CONVERSION = YES;
				CLANG_WARN_INFINITE_RECURSION = YES;
				CLANG_WARN_INT_CONVERSION = YES;
				CLANG_WARN_OBJC_ROOT_CLASS = YES_ERROR;
				CLANG_WARN_SUSPICIOUS_MOVE = YES;
				CLANG_WARN_UNREACHABLE_CODE = YES;
				CLANG_WARN__DUPLICATE_METHOD_MATCH = YES;
				"CODE_SIGN_IDENTITY[sdk=iphoneos*]" = "iPhone Developer";
				COPY_PHASE_STRIP = NO;
				DEBUG_INFORMATION_FORMAT = "dwarf-with-dsym";
				ENABLE_NS_ASSERTIONS = NO;
				ENABLE_STRICT_OBJC_MSGSEND = YES;
				GCC_C_LANGUAGE_STANDARD = gnu99;
				GCC_NO_COMMON_BLOCKS = YES;
				GCC_WARN_64_TO_32_BIT_CONVERSION = YES;
				GCC_WARN_ABOUT_RETURN_TYPE = YES_ERROR;
				GCC_WARN_UNDECLARED_SELECTOR = YES;
				GCC_WARN_UNINITIALIZED_AUTOS = YES_AGGRESSIVE;
				GCC_WARN_UNUSED_FUNCTION = YES;
				GCC_WARN_UNUSED_VARIABLE = YES;
				IPHONEOS_DEPLOYMENT_TARGET = 10.2;
				MTL_ENABLE_DEBUG_INFO = NO;
				SDKROOT = iphoneos;
				SWIFT_OPTIMIZATION_LEVEL = "-Owholemodule";
				TARGETED_DEVICE_FAMILY = "1,2";
				VALIDATE_PRODUCT = YES;
			};
			name = Release;
		};
		A9A7FBEA1E23B99B00FA9405 /* Debug */ = {
			isa = XCBuildConfiguration;
			baseConfigurationReference = C6405E81FE471378B28C505B /* Pods-mvvm_components.debug.xcconfig */;
			buildSettings = {
				ASSETCATALOG_COMPILER_APPICON_NAME = AppIcon;
				INFOPLIST_FILE = mvvm_components/Info.plist;
				LD_RUNPATH_SEARCH_PATHS = "$(inherited) @executable_path/Frameworks";
				PRODUCT_BUNDLE_IDENTIFIER = "com.icerockdev.mvvm-components";
				PRODUCT_NAME = "$(TARGET_NAME)";
				SWIFT_VERSION = 3.0;
			};
			name = Debug;
		};
		A9A7FBEB1E23B99B00FA9405 /* Release */ = {
			isa = XCBuildConfiguration;
			baseConfigurationReference = 0391D4284546A35497D34A6B /* Pods-mvvm_components.release.xcconfig */;
			buildSettings = {
				ASSETCATALOG_COMPILER_APPICON_NAME = AppIcon;
				INFOPLIST_FILE = mvvm_components/Info.plist;
				LD_RUNPATH_SEARCH_PATHS = "$(inherited) @executable_path/Frameworks";
				PRODUCT_BUNDLE_IDENTIFIER = "com.icerockdev.mvvm-components";
				PRODUCT_NAME = "$(TARGET_NAME)";
				SWIFT_VERSION = 3.0;
			};
			name = Release;
		};
/* End XCBuildConfiguration section */

/* Begin XCConfigurationList section */
		A9A7FBD21E23B99B00FA9405 /* Build configuration list for PBXProject "mvvm_components" */ = {
			isa = XCConfigurationList;
			buildConfigurations = (
				A9A7FBE71E23B99B00FA9405 /* Debug */,
				A9A7FBE81E23B99B00FA9405 /* Release */,
			);
			defaultConfigurationIsVisible = 0;
			defaultConfigurationName = Release;
		};
		A9A7FBE91E23B99B00FA9405 /* Build configuration list for PBXNativeTarget "mvvm_components" */ = {
			isa = XCConfigurationList;
			buildConfigurations = (
				A9A7FBEA1E23B99B00FA9405 /* Debug */,
				A9A7FBEB1E23B99B00FA9405 /* Release */,
			);
			defaultConfigurationIsVisible = 0;
			defaultConfigurationName = Release;
		};
/* End XCConfigurationList section */
	};
	rootObject = A9A7FBCF1E23B99B00FA9405 /* Project object */;
}
